
Microsoft Visual Studio Solution File, Format Version 12.00
# Visual Studio 15
VisualStudioVersion = 15.0.26430.14
MinimumVisualStudioVersion = 10.0.40219.1
Project("{FAE04EC0-301F-11D3-BF4B-00C04F79EFBC}") = "FlagApplication2", "FlagApplication2\FlagApplication2.csproj", "{CE6057F3-477C-4B16-97D0-0514E6BE3B51}"
EndProject
Project("{FAE04EC0-301F-11D3-BF4B-00C04F79EFBC}") = "ClassLibrary", "ClassLibrary\ClassLibrary.csproj", "{2E3F8B76-8C90-403A-BD56-30FFAAD5D698}"
EndProject
Project("{FAE04EC0-301F-11D3-BF4B-00C04F79EFBC}") = "CodeFirstDataAccess", "ClassLibrary3\CodeFirstDataAccess.csproj", "{BD449363-D327-4DC8-BEEE-66E8C1ADF692}"
EndProject
Global
	GlobalSection(SolutionConfigurationPlatforms) = preSolution
		Debug|Any CPU = Debug|Any CPU
		Release|Any CPU = Release|Any CPU
	EndGlobalSection
	GlobalSection(ProjectConfigurationPlatforms) = postSolution
		{CE6057F3-477C-4B16-97D0-0514E6BE3B51}.Debug|Any CPU.ActiveCfg = Debug|Any CPU
		{CE6057F3-477C-4B16-97D0-0514E6BE3B51}.Debug|Any CPU.Build.0 = Debug|Any CPU
		{CE6057F3-477C-4B16-97D0-0514E6BE3B51}.Release|Any CPU.ActiveCfg = Release|Any CPU
		{CE6057F3-477C-4B16-97D0-0514E6BE3B51}.Release|Any CPU.Build.0 = Release|Any CPU
		{2E3F8B76-8C90-403A-BD56-30FFAAD5D698}.Debug|Any CPU.ActiveCfg = Debug|Any CPU
		{2E3F8B76-8C90-403A-BD56-30FFAAD5D698}.Debug|Any CPU.Build.0 = Debug|Any CPU
		{2E3F8B76-8C90-403A-BD56-30FFAAD5D698}.Release|Any CPU.ActiveCfg = Release|Any CPU
		{2E3F8B76-8C90-403A-BD56-30FFAAD5D698}.Release|Any CPU.Build.0 = Release|Any CPU
		{BD449363-D327-4DC8-BEEE-66E8C1ADF692}.Debug|Any CPU.ActiveCfg = Debug|Any CPU
		{BD449363-D327-4DC8-BEEE-66E8C1ADF692}.Debug|Any CPU.Build.0 = Debug|Any CPU
		{BD449363-D327-4DC8-BEEE-66E8C1ADF692}.Release|Any CPU.ActiveCfg = Release|Any CPU
		{BD449363-D327-4DC8-BEEE-66E8C1ADF692}.Release|Any CPU.Build.0 = Release|Any CPU
	EndGlobalSection
	GlobalSection(SolutionProperties) = preSolution
		HideSolutionNode = FALSE
	EndGlobalSection
EndGlobal
